
Microsoft Visual Studio Solution File, Format Version 12.00
# Visual Studio 2012
Project("{FAE04EC0-301F-11D3-BF4B-00C04F79EFBC}") = "LunchPac", "LunchPac\LunchPac.csproj", "{19E04417-9028-408A-8AC5-8E0ED0353FA5}"
EndProject
Project("{FAE04EC0-301F-11D3-BF4B-00C04F79EFBC}") = "LunchPac.iOS", "iOS\LunchPac.iOS.csproj", "{837C2016-E3BD-4DB7-9050-DF540E87D96E}"
EndProject
Project("{FAE04EC0-301F-11D3-BF4B-00C04F79EFBC}") = "LunchPac.Droid", "Droid\LunchPac.Droid.csproj", "{A1B2EE92-AEB6-4FF3-9D16-3EA9B35735A0}"
EndProject
Project("{FAE04EC0-301F-11D3-BF4B-00C04F79EFBC}") = "LunchPac.UITests", "UITests\LunchPac.UITests.csproj", "{E4E9B98F-0E39-4FB7-B3FE-1DD4AF639697}"
EndProject
Global
	GlobalSection(SolutionConfigurationPlatforms) = preSolution
		Debug|Any CPU = Debug|Any CPU
		Release|Any CPU = Release|Any CPU
		Debug|iPhoneSimulator = Debug|iPhoneSimulator
		Release|iPhone = Release|iPhone
		Release|iPhoneSimulator = Release|iPhoneSimulator
		Debug|iPhone = Debug|iPhone
	EndGlobalSection
	GlobalSection(ProjectConfigurationPlatforms) = postSolution
		{19E04417-9028-408A-8AC5-8E0ED0353FA5}.Debug|Any CPU.ActiveCfg = Debug|Any CPU
		{19E04417-9028-408A-8AC5-8E0ED0353FA5}.Debug|Any CPU.Build.0 = Debug|Any CPU
		{19E04417-9028-408A-8AC5-8E0ED0353FA5}.Debug|iPhone.ActiveCfg = Debug|Any CPU
		{19E04417-9028-408A-8AC5-8E0ED0353FA5}.Debug|iPhone.Build.0 = Debug|Any CPU
		{19E04417-9028-408A-8AC5-8E0ED0353FA5}.Debug|iPhoneSimulator.ActiveCfg = Debug|Any CPU
		{19E04417-9028-408A-8AC5-8E0ED0353FA5}.Debug|iPhoneSimulator.Build.0 = Debug|Any CPU
		{19E04417-9028-408A-8AC5-8E0ED0353FA5}.Release|Any CPU.ActiveCfg = Release|Any CPU
		{19E04417-9028-408A-8AC5-8E0ED0353FA5}.Release|Any CPU.Build.0 = Release|Any CPU
		{19E04417-9028-408A-8AC5-8E0ED0353FA5}.Release|iPhone.ActiveCfg = Release|Any CPU
		{19E04417-9028-408A-8AC5-8E0ED0353FA5}.Release|iPhone.Build.0 = Release|Any CPU
		{19E04417-9028-408A-8AC5-8E0ED0353FA5}.Release|iPhoneSimulator.ActiveCfg = Release|Any CPU
		{19E04417-9028-408A-8AC5-8E0ED0353FA5}.Release|iPhoneSimulator.Build.0 = Release|Any CPU
		{837C2016-E3BD-4DB7-9050-DF540E87D96E}.Debug|Any CPU.ActiveCfg = Debug|iPhoneSimulator
		{837C2016-E3BD-4DB7-9050-DF540E87D96E}.Debug|Any CPU.Build.0 = Debug|iPhoneSimulator
		{837C2016-E3BD-4DB7-9050-DF540E87D96E}.Debug|iPhone.ActiveCfg = Debug|iPhone
		{837C2016-E3BD-4DB7-9050-DF540E87D96E}.Debug|iPhone.Build.0 = Debug|iPhone
		{837C2016-E3BD-4DB7-9050-DF540E87D96E}.Debug|iPhoneSimulator.ActiveCfg = Debug|iPhoneSimulator
		{837C2016-E3BD-4DB7-9050-DF540E87D96E}.Debug|iPhoneSimulator.Build.0 = Debug|iPhoneSimulator
		{837C2016-E3BD-4DB7-9050-DF540E87D96E}.Release|Any CPU.ActiveCfg = Release|iPhone
		{837C2016-E3BD-4DB7-9050-DF540E87D96E}.Release|Any CPU.Build.0 = Release|iPhone
		{837C2016-E3BD-4DB7-9050-DF540E87D96E}.Release|iPhone.ActiveCfg = Release|iPhone
		{837C2016-E3BD-4DB7-9050-DF540E87D96E}.Release|iPhone.Build.0 = Release|iPhone
		{837C2016-E3BD-4DB7-9050-DF540E87D96E}.Release|iPhoneSimulator.ActiveCfg = Release|iPhoneSimulator
		{837C2016-E3BD-4DB7-9050-DF540E87D96E}.Release|iPhoneSimulator.Build.0 = Release|iPhoneSimulator
		{A1B2EE92-AEB6-4FF3-9D16-3EA9B35735A0}.Debug|Any CPU.ActiveCfg = Debug|Any CPU
		{A1B2EE92-AEB6-4FF3-9D16-3EA9B35735A0}.Debug|Any CPU.Build.0 = Debug|Any CPU
		{A1B2EE92-AEB6-4FF3-9D16-3EA9B35735A0}.Debug|iPhone.ActiveCfg = Debug|Any CPU
		{A1B2EE92-AEB6-4FF3-9D16-3EA9B35735A0}.Debug|iPhone.Build.0 = Debug|Any CPU
		{A1B2EE92-AEB6-4FF3-9D16-3EA9B35735A0}.Debug|iPhoneSimulator.ActiveCfg = Debug|Any CPU
		{A1B2EE92-AEB6-4FF3-9D16-3EA9B35735A0}.Debug|iPhoneSimulator.Build.0 = Debug|Any CPU
		{A1B2EE92-AEB6-4FF3-9D16-3EA9B35735A0}.Release|Any CPU.ActiveCfg = Release|Any CPU
		{A1B2EE92-AEB6-4FF3-9D16-3EA9B35735A0}.Release|Any CPU.Build.0 = Release|Any CPU
		{A1B2EE92-AEB6-4FF3-9D16-3EA9B35735A0}.Release|iPhone.ActiveCfg = Release|Any CPU
		{A1B2EE92-AEB6-4FF3-9D16-3EA9B35735A0}.Release|iPhone.Build.0 = Release|Any CPU
		{A1B2EE92-AEB6-4FF3-9D16-3EA9B35735A0}.Release|iPhoneSimulator.ActiveCfg = Release|Any CPU
		{A1B2EE92-AEB6-4FF3-9D16-3EA9B35735A0}.Release|iPhoneSimulator.Build.0 = Release|Any CPU
		{E4E9B98F-0E39-4FB7-B3FE-1DD4AF639697}.Debug|Any CPU.ActiveCfg = Debug|Any CPU
		{E4E9B98F-0E39-4FB7-B3FE-1DD4AF639697}.Debug|Any CPU.Build.0 = Debug|Any CPU
		{E4E9B98F-0E39-4FB7-B3FE-1DD4AF639697}.Debug|iPhone.ActiveCfg = Debug|Any CPU
		{E4E9B98F-0E39-4FB7-B3FE-1DD4AF639697}.Debug|iPhone.Build.0 = Debug|Any CPU
		{E4E9B98F-0E39-4FB7-B3FE-1DD4AF639697}.Debug|iPhoneSimulator.ActiveCfg = Debug|Any CPU
		{E4E9B98F-0E39-4FB7-B3FE-1DD4AF639697}.Debug|iPhoneSimulator.Build.0 = Debug|Any CPU
		{E4E9B98F-0E39-4FB7-B3FE-1DD4AF639697}.Release|Any CPU.ActiveCfg = Release|Any CPU
		{E4E9B98F-0E39-4FB7-B3FE-1DD4AF639697}.Release|Any CPU.Build.0 = Release|Any CPU
		{E4E9B98F-0E39-4FB7-B3FE-1DD4AF639697}.Release|iPhone.ActiveCfg = Release|Any CPU
		{E4E9B98F-0E39-4FB7-B3FE-1DD4AF639697}.Release|iPhone.Build.0 = Release|Any CPU
		{E4E9B98F-0E39-4FB7-B3FE-1DD4AF639697}.Release|iPhoneSimulator.ActiveCfg = Release|Any CPU
		{E4E9B98F-0E39-4FB7-B3FE-1DD4AF639697}.Release|iPhoneSimulator.Build.0 = Release|Any CPU
	EndGlobalSection
EndGlobal
