
Microsoft Visual Studio Solution File, Format Version 12.00
# Visual Studio 2012
Project("{FAE04EC0-301F-11D3-BF4B-00C04F79EFBC}") = "PestPacMobile", "PestPacMobile\PestPacMobile.csproj", "{BEC20C47-8E84-45A0-9E81-17D944614AB7}"
EndProject
Project("{FAE04EC0-301F-11D3-BF4B-00C04F79EFBC}") = "PestPacMobile.iOS", "iOS\PestPacMobile.iOS.csproj", "{9CE160E0-9136-4F3A-9852-5C203D4FC56B}"
EndProject
Project("{FAE04EC0-301F-11D3-BF4B-00C04F79EFBC}") = "PestPacMobile.Droid", "Droid\PestPacMobile.Droid.csproj", "{220045AF-C064-4503-B5FC-0A076229ECDC}"
EndProject
Project("{FAE04EC0-301F-11D3-BF4B-00C04F79EFBC}") = "PestPacMobile.UITests", "UITests\PestPacMobile.UITests.csproj", "{47A2AF3F-94C8-4184-934A-3D4E39397EBD}"
EndProject
Project("{2150E333-8FDC-42A3-9474-1A3956D46DE8}") = "Libs", "Libs", "{DED8ED44-BA1D-44F0-8071-3155DA58FA09}"
EndProject
Project("{FAE04EC0-301F-11D3-BF4B-00C04F79EFBC}") = "Mobile.Core", "Libs\MobileCore\src\Mobile.Core\Mobile.Core.csproj", "{55B05B5B-6CD0-46E1-BF38-36C9427D2D1A}"
EndProject
Project("{FAE04EC0-301F-11D3-BF4B-00C04F79EFBC}") = "Mobile.Core.Common.Droid", "Libs\MobileCore\src\Mobile.Core.Common.Android\Mobile.Core.Common.Droid.csproj", "{0807C884-3FA6-4CDC-9C25-896B08041681}"
EndProject
Project("{FAE04EC0-301F-11D3-BF4B-00C04F79EFBC}") = "Mobile.Core.Common.iOS", "Libs\MobileCore\src\Mobile.Core.Common.iOS\Mobile.Core.Common.iOS.csproj", "{6DBC4319-6E6D-42C9-8843-5DE483FB0D5F}"
EndProject
Project("{FAE04EC0-301F-11D3-BF4B-00C04F79EFBC}") = "PestPac.Mobile.Core", "Libs\MobileCore\src\PestPac.Mobile.Core\PestPac.Mobile.Core.csproj", "{553AC928-EDAD-4DE9-B5C5-67C01573F81F}"
EndProject
Project("{FAE04EC0-301F-11D3-BF4B-00C04F79EFBC}") = "Mobile.Models", "Libs\MobileCore\src\Libs\Mobile.Models\Mobile.Models.csproj", "{C37B0104-86CF-464B-80DF-385E42094EE0}"
EndProject
Project("{FAE04EC0-301F-11D3-BF4B-00C04F79EFBC}") = "Mobile.Models.Common", "Libs\MobileCore\src\Libs\Mobile.Models.Common\Mobile.Models.Common.csproj", "{E070A058-4257-4241-9703-0B1A9DA92594}"
EndProject
Project("{FAE04EC0-301F-11D3-BF4B-00C04F79EFBC}") = "PestPac.API.Responses", "Libs\MobileCore\src\Libs\PestPac.API.Responses\PestPac.API.Responses.csproj", "{0A3B28E0-1696-4097-8FE6-4E0450EACA5F}"
EndProject
Global
	GlobalSection(SolutionConfigurationPlatforms) = preSolution
		Debug|Any CPU = Debug|Any CPU
		Release|Any CPU = Release|Any CPU
		Debug|iPhoneSimulator = Debug|iPhoneSimulator
		Release|iPhone = Release|iPhone
		Release|iPhoneSimulator = Release|iPhoneSimulator
		Debug|iPhone = Debug|iPhone
		QA|iPhone = QA|iPhone
		QA|Android = QA|Android
	EndGlobalSection
	GlobalSection(ProjectConfigurationPlatforms) = postSolution
		{0807C884-3FA6-4CDC-9C25-896B08041681}.Debug|Any CPU.ActiveCfg = Debug|Any CPU
		{0807C884-3FA6-4CDC-9C25-896B08041681}.Debug|Any CPU.Build.0 = Debug|Any CPU
		{0807C884-3FA6-4CDC-9C25-896B08041681}.Debug|iPhone.ActiveCfg = Debug|Any CPU
		{0807C884-3FA6-4CDC-9C25-896B08041681}.Debug|iPhone.Build.0 = Debug|Any CPU
		{0807C884-3FA6-4CDC-9C25-896B08041681}.Debug|iPhoneSimulator.ActiveCfg = Debug|Any CPU
		{0807C884-3FA6-4CDC-9C25-896B08041681}.Debug|iPhoneSimulator.Build.0 = Debug|Any CPU
		{0807C884-3FA6-4CDC-9C25-896B08041681}.QA|Android.ActiveCfg = QA|Android
		{0807C884-3FA6-4CDC-9C25-896B08041681}.QA|Android.Build.0 = QA|Android
		{0807C884-3FA6-4CDC-9C25-896B08041681}.QA|iPhone.ActiveCfg = QA|iPhone
		{0807C884-3FA6-4CDC-9C25-896B08041681}.QA|iPhone.Build.0 = QA|iPhone
		{0807C884-3FA6-4CDC-9C25-896B08041681}.Release|Any CPU.ActiveCfg = Release|Any CPU
		{0807C884-3FA6-4CDC-9C25-896B08041681}.Release|Any CPU.Build.0 = Release|Any CPU
		{0807C884-3FA6-4CDC-9C25-896B08041681}.Release|iPhone.ActiveCfg = Release|Any CPU
		{0807C884-3FA6-4CDC-9C25-896B08041681}.Release|iPhone.Build.0 = Release|Any CPU
		{0807C884-3FA6-4CDC-9C25-896B08041681}.Release|iPhoneSimulator.ActiveCfg = Release|Any CPU
		{0807C884-3FA6-4CDC-9C25-896B08041681}.Release|iPhoneSimulator.Build.0 = Release|Any CPU
		{0A3B28E0-1696-4097-8FE6-4E0450EACA5F}.Debug|Any CPU.ActiveCfg = Debug|Any CPU
		{0A3B28E0-1696-4097-8FE6-4E0450EACA5F}.Debug|Any CPU.Build.0 = Debug|Any CPU
		{0A3B28E0-1696-4097-8FE6-4E0450EACA5F}.Debug|iPhone.ActiveCfg = Debug|Any CPU
		{0A3B28E0-1696-4097-8FE6-4E0450EACA5F}.Debug|iPhone.Build.0 = Debug|Any CPU
		{0A3B28E0-1696-4097-8FE6-4E0450EACA5F}.Debug|iPhoneSimulator.ActiveCfg = Debug|Any CPU
		{0A3B28E0-1696-4097-8FE6-4E0450EACA5F}.Debug|iPhoneSimulator.Build.0 = Debug|Any CPU
		{0A3B28E0-1696-4097-8FE6-4E0450EACA5F}.QA|Android.ActiveCfg = Debug|Any CPU
		{0A3B28E0-1696-4097-8FE6-4E0450EACA5F}.QA|Android.Build.0 = Debug|Any CPU
		{0A3B28E0-1696-4097-8FE6-4E0450EACA5F}.QA|iPhone.ActiveCfg = Debug|Any CPU
		{0A3B28E0-1696-4097-8FE6-4E0450EACA5F}.QA|iPhone.Build.0 = Debug|Any CPU
		{0A3B28E0-1696-4097-8FE6-4E0450EACA5F}.Release|Any CPU.ActiveCfg = Release|Any CPU
		{0A3B28E0-1696-4097-8FE6-4E0450EACA5F}.Release|Any CPU.Build.0 = Release|Any CPU
		{0A3B28E0-1696-4097-8FE6-4E0450EACA5F}.Release|iPhone.ActiveCfg = Release|Any CPU
		{0A3B28E0-1696-4097-8FE6-4E0450EACA5F}.Release|iPhone.Build.0 = Release|Any CPU
		{0A3B28E0-1696-4097-8FE6-4E0450EACA5F}.Release|iPhoneSimulator.ActiveCfg = Release|Any CPU
		{0A3B28E0-1696-4097-8FE6-4E0450EACA5F}.Release|iPhoneSimulator.Build.0 = Release|Any CPU
		{220045AF-C064-4503-B5FC-0A076229ECDC}.Debug|Any CPU.ActiveCfg = Debug|Any CPU
		{220045AF-C064-4503-B5FC-0A076229ECDC}.Debug|Any CPU.Build.0 = Debug|Any CPU
		{220045AF-C064-4503-B5FC-0A076229ECDC}.Debug|iPhone.ActiveCfg = Debug|Any CPU
		{220045AF-C064-4503-B5FC-0A076229ECDC}.Debug|iPhone.Build.0 = Debug|Any CPU
		{220045AF-C064-4503-B5FC-0A076229ECDC}.Debug|iPhoneSimulator.ActiveCfg = Debug|Any CPU
		{220045AF-C064-4503-B5FC-0A076229ECDC}.Debug|iPhoneSimulator.Build.0 = Debug|Any CPU
		{220045AF-C064-4503-B5FC-0A076229ECDC}.QA|Android.ActiveCfg = Debug|Any CPU
		{220045AF-C064-4503-B5FC-0A076229ECDC}.QA|Android.Build.0 = Debug|Any CPU
		{220045AF-C064-4503-B5FC-0A076229ECDC}.QA|iPhone.ActiveCfg = Debug|Any CPU
		{220045AF-C064-4503-B5FC-0A076229ECDC}.QA|iPhone.Build.0 = Debug|Any CPU
		{220045AF-C064-4503-B5FC-0A076229ECDC}.Release|Any CPU.ActiveCfg = Release|Any CPU
		{220045AF-C064-4503-B5FC-0A076229ECDC}.Release|Any CPU.Build.0 = Release|Any CPU
		{220045AF-C064-4503-B5FC-0A076229ECDC}.Release|iPhone.ActiveCfg = Release|Any CPU
		{220045AF-C064-4503-B5FC-0A076229ECDC}.Release|iPhone.Build.0 = Release|Any CPU
		{220045AF-C064-4503-B5FC-0A076229ECDC}.Release|iPhoneSimulator.ActiveCfg = Release|Any CPU
		{220045AF-C064-4503-B5FC-0A076229ECDC}.Release|iPhoneSimulator.Build.0 = Release|Any CPU
		{47A2AF3F-94C8-4184-934A-3D4E39397EBD}.Debug|Any CPU.ActiveCfg = Debug|Any CPU
		{47A2AF3F-94C8-4184-934A-3D4E39397EBD}.Debug|Any CPU.Build.0 = Debug|Any CPU
		{47A2AF3F-94C8-4184-934A-3D4E39397EBD}.Debug|iPhone.ActiveCfg = Debug|Any CPU
		{47A2AF3F-94C8-4184-934A-3D4E39397EBD}.Debug|iPhone.Build.0 = Debug|Any CPU
		{47A2AF3F-94C8-4184-934A-3D4E39397EBD}.Debug|iPhoneSimulator.ActiveCfg = Debug|Any CPU
		{47A2AF3F-94C8-4184-934A-3D4E39397EBD}.Debug|iPhoneSimulator.Build.0 = Debug|Any CPU
		{47A2AF3F-94C8-4184-934A-3D4E39397EBD}.QA|Android.ActiveCfg = Debug|Any CPU
		{47A2AF3F-94C8-4184-934A-3D4E39397EBD}.QA|Android.Build.0 = Debug|Any CPU
		{47A2AF3F-94C8-4184-934A-3D4E39397EBD}.QA|iPhone.ActiveCfg = Debug|Any CPU
		{47A2AF3F-94C8-4184-934A-3D4E39397EBD}.QA|iPhone.Build.0 = Debug|Any CPU
		{47A2AF3F-94C8-4184-934A-3D4E39397EBD}.Release|Any CPU.ActiveCfg = Release|Any CPU
		{47A2AF3F-94C8-4184-934A-3D4E39397EBD}.Release|Any CPU.Build.0 = Release|Any CPU
		{47A2AF3F-94C8-4184-934A-3D4E39397EBD}.Release|iPhone.ActiveCfg = Release|Any CPU
		{47A2AF3F-94C8-4184-934A-3D4E39397EBD}.Release|iPhone.Build.0 = Release|Any CPU
		{47A2AF3F-94C8-4184-934A-3D4E39397EBD}.Release|iPhoneSimulator.ActiveCfg = Release|Any CPU
		{47A2AF3F-94C8-4184-934A-3D4E39397EBD}.Release|iPhoneSimulator.Build.0 = Release|Any CPU
		{553AC928-EDAD-4DE9-B5C5-67C01573F81F}.Debug|Any CPU.ActiveCfg = Debug|Any CPU
		{553AC928-EDAD-4DE9-B5C5-67C01573F81F}.Debug|Any CPU.Build.0 = Debug|Any CPU
		{553AC928-EDAD-4DE9-B5C5-67C01573F81F}.Debug|iPhone.ActiveCfg = Debug|Any CPU
		{553AC928-EDAD-4DE9-B5C5-67C01573F81F}.Debug|iPhone.Build.0 = Debug|Any CPU
		{553AC928-EDAD-4DE9-B5C5-67C01573F81F}.Debug|iPhoneSimulator.ActiveCfg = Debug|Any CPU
		{553AC928-EDAD-4DE9-B5C5-67C01573F81F}.Debug|iPhoneSimulator.Build.0 = Debug|Any CPU
		{553AC928-EDAD-4DE9-B5C5-67C01573F81F}.QA|Android.ActiveCfg = Debug|Any CPU
		{553AC928-EDAD-4DE9-B5C5-67C01573F81F}.QA|Android.Build.0 = Debug|Any CPU
		{553AC928-EDAD-4DE9-B5C5-67C01573F81F}.QA|iPhone.ActiveCfg = Debug|Any CPU
		{553AC928-EDAD-4DE9-B5C5-67C01573F81F}.QA|iPhone.Build.0 = Debug|Any CPU
		{553AC928-EDAD-4DE9-B5C5-67C01573F81F}.Release|Any CPU.ActiveCfg = Release|Any CPU
		{553AC928-EDAD-4DE9-B5C5-67C01573F81F}.Release|Any CPU.Build.0 = Release|Any CPU
		{553AC928-EDAD-4DE9-B5C5-67C01573F81F}.Release|iPhone.ActiveCfg = Release|Any CPU
		{553AC928-EDAD-4DE9-B5C5-67C01573F81F}.Release|iPhone.Build.0 = Release|Any CPU
		{553AC928-EDAD-4DE9-B5C5-67C01573F81F}.Release|iPhoneSimulator.ActiveCfg = Release|Any CPU
		{553AC928-EDAD-4DE9-B5C5-67C01573F81F}.Release|iPhoneSimulator.Build.0 = Release|Any CPU
		{55B05B5B-6CD0-46E1-BF38-36C9427D2D1A}.Debug|Any CPU.ActiveCfg = Debug|Any CPU
		{55B05B5B-6CD0-46E1-BF38-36C9427D2D1A}.Debug|Any CPU.Build.0 = Debug|Any CPU
		{55B05B5B-6CD0-46E1-BF38-36C9427D2D1A}.Debug|iPhone.ActiveCfg = Debug|Any CPU
		{55B05B5B-6CD0-46E1-BF38-36C9427D2D1A}.Debug|iPhone.Build.0 = Debug|Any CPU
		{55B05B5B-6CD0-46E1-BF38-36C9427D2D1A}.Debug|iPhoneSimulator.ActiveCfg = Debug|Any CPU
		{55B05B5B-6CD0-46E1-BF38-36C9427D2D1A}.Debug|iPhoneSimulator.Build.0 = Debug|Any CPU
		{55B05B5B-6CD0-46E1-BF38-36C9427D2D1A}.QA|Android.ActiveCfg = QA|Android
		{55B05B5B-6CD0-46E1-BF38-36C9427D2D1A}.QA|Android.Build.0 = QA|Android
		{55B05B5B-6CD0-46E1-BF38-36C9427D2D1A}.QA|iPhone.ActiveCfg = QA|iPhone
		{55B05B5B-6CD0-46E1-BF38-36C9427D2D1A}.QA|iPhone.Build.0 = QA|iPhone
		{55B05B5B-6CD0-46E1-BF38-36C9427D2D1A}.Release|Any CPU.ActiveCfg = Release|Any CPU
		{55B05B5B-6CD0-46E1-BF38-36C9427D2D1A}.Release|Any CPU.Build.0 = Release|Any CPU
		{55B05B5B-6CD0-46E1-BF38-36C9427D2D1A}.Release|iPhone.ActiveCfg = Release|Any CPU
		{55B05B5B-6CD0-46E1-BF38-36C9427D2D1A}.Release|iPhone.Build.0 = Release|Any CPU
		{55B05B5B-6CD0-46E1-BF38-36C9427D2D1A}.Release|iPhoneSimulator.ActiveCfg = Release|Any CPU
		{55B05B5B-6CD0-46E1-BF38-36C9427D2D1A}.Release|iPhoneSimulator.Build.0 = Release|Any CPU
		{6DBC4319-6E6D-42C9-8843-5DE483FB0D5F}.Debug|Any CPU.ActiveCfg = Debug|Any CPU
		{6DBC4319-6E6D-42C9-8843-5DE483FB0D5F}.Debug|Any CPU.Build.0 = Debug|Any CPU
		{6DBC4319-6E6D-42C9-8843-5DE483FB0D5F}.Debug|iPhone.ActiveCfg = Debug|Any CPU
		{6DBC4319-6E6D-42C9-8843-5DE483FB0D5F}.Debug|iPhone.Build.0 = Debug|Any CPU
		{6DBC4319-6E6D-42C9-8843-5DE483FB0D5F}.Debug|iPhoneSimulator.ActiveCfg = Debug|Any CPU
		{6DBC4319-6E6D-42C9-8843-5DE483FB0D5F}.Debug|iPhoneSimulator.Build.0 = Debug|Any CPU
		{6DBC4319-6E6D-42C9-8843-5DE483FB0D5F}.QA|Android.ActiveCfg = QA|Android
		{6DBC4319-6E6D-42C9-8843-5DE483FB0D5F}.QA|Android.Build.0 = QA|Android
		{6DBC4319-6E6D-42C9-8843-5DE483FB0D5F}.QA|iPhone.ActiveCfg = QA|iPhone
		{6DBC4319-6E6D-42C9-8843-5DE483FB0D5F}.QA|iPhone.Build.0 = QA|iPhone
		{6DBC4319-6E6D-42C9-8843-5DE483FB0D5F}.Release|Any CPU.ActiveCfg = Release|Any CPU
		{6DBC4319-6E6D-42C9-8843-5DE483FB0D5F}.Release|Any CPU.Build.0 = Release|Any CPU
		{6DBC4319-6E6D-42C9-8843-5DE483FB0D5F}.Release|iPhone.ActiveCfg = Release|Any CPU
		{6DBC4319-6E6D-42C9-8843-5DE483FB0D5F}.Release|iPhone.Build.0 = Release|Any CPU
		{6DBC4319-6E6D-42C9-8843-5DE483FB0D5F}.Release|iPhoneSimulator.ActiveCfg = Release|Any CPU
		{6DBC4319-6E6D-42C9-8843-5DE483FB0D5F}.Release|iPhoneSimulator.Build.0 = Release|Any CPU
		{9CE160E0-9136-4F3A-9852-5C203D4FC56B}.Debug|Any CPU.ActiveCfg = Debug|iPhoneSimulator
		{9CE160E0-9136-4F3A-9852-5C203D4FC56B}.Debug|Any CPU.Build.0 = Debug|iPhoneSimulator
		{9CE160E0-9136-4F3A-9852-5C203D4FC56B}.Debug|iPhone.ActiveCfg = Debug|iPhone
		{9CE160E0-9136-4F3A-9852-5C203D4FC56B}.Debug|iPhone.Build.0 = Debug|iPhone
		{9CE160E0-9136-4F3A-9852-5C203D4FC56B}.Debug|iPhoneSimulator.ActiveCfg = Debug|iPhoneSimulator
		{9CE160E0-9136-4F3A-9852-5C203D4FC56B}.Debug|iPhoneSimulator.Build.0 = Debug|iPhoneSimulator
		{9CE160E0-9136-4F3A-9852-5C203D4FC56B}.QA|Android.ActiveCfg = Debug|iPhoneSimulator
		{9CE160E0-9136-4F3A-9852-5C203D4FC56B}.QA|Android.Build.0 = Debug|iPhoneSimulator
		{9CE160E0-9136-4F3A-9852-5C203D4FC56B}.QA|iPhone.ActiveCfg = Release|iPhone
		{9CE160E0-9136-4F3A-9852-5C203D4FC56B}.QA|iPhone.Build.0 = Release|iPhone
		{9CE160E0-9136-4F3A-9852-5C203D4FC56B}.Release|Any CPU.ActiveCfg = Release|iPhone
		{9CE160E0-9136-4F3A-9852-5C203D4FC56B}.Release|Any CPU.Build.0 = Release|iPhone
		{9CE160E0-9136-4F3A-9852-5C203D4FC56B}.Release|iPhone.ActiveCfg = Release|iPhone
		{9CE160E0-9136-4F3A-9852-5C203D4FC56B}.Release|iPhone.Build.0 = Release|iPhone
		{9CE160E0-9136-4F3A-9852-5C203D4FC56B}.Release|iPhoneSimulator.ActiveCfg = Release|iPhoneSimulator
		{9CE160E0-9136-4F3A-9852-5C203D4FC56B}.Release|iPhoneSimulator.Build.0 = Release|iPhoneSimulator
		{BEC20C47-8E84-45A0-9E81-17D944614AB7}.Debug|Any CPU.ActiveCfg = Debug|Any CPU
		{BEC20C47-8E84-45A0-9E81-17D944614AB7}.Debug|Any CPU.Build.0 = Debug|Any CPU
		{BEC20C47-8E84-45A0-9E81-17D944614AB7}.Debug|iPhone.ActiveCfg = Debug|Any CPU
		{BEC20C47-8E84-45A0-9E81-17D944614AB7}.Debug|iPhone.Build.0 = Debug|Any CPU
		{BEC20C47-8E84-45A0-9E81-17D944614AB7}.Debug|iPhoneSimulator.ActiveCfg = Debug|Any CPU
		{BEC20C47-8E84-45A0-9E81-17D944614AB7}.Debug|iPhoneSimulator.Build.0 = Debug|Any CPU
		{BEC20C47-8E84-45A0-9E81-17D944614AB7}.QA|Android.ActiveCfg = Debug|Any CPU
		{BEC20C47-8E84-45A0-9E81-17D944614AB7}.QA|Android.Build.0 = Debug|Any CPU
		{BEC20C47-8E84-45A0-9E81-17D944614AB7}.QA|iPhone.ActiveCfg = Debug|Any CPU
		{BEC20C47-8E84-45A0-9E81-17D944614AB7}.QA|iPhone.Build.0 = Debug|Any CPU
		{BEC20C47-8E84-45A0-9E81-17D944614AB7}.Release|Any CPU.ActiveCfg = Release|Any CPU
		{BEC20C47-8E84-45A0-9E81-17D944614AB7}.Release|Any CPU.Build.0 = Release|Any CPU
		{BEC20C47-8E84-45A0-9E81-17D944614AB7}.Release|iPhone.ActiveCfg = Release|Any CPU
		{BEC20C47-8E84-45A0-9E81-17D944614AB7}.Release|iPhone.Build.0 = Release|Any CPU
		{BEC20C47-8E84-45A0-9E81-17D944614AB7}.Release|iPhoneSimulator.ActiveCfg = Release|Any CPU
		{BEC20C47-8E84-45A0-9E81-17D944614AB7}.Release|iPhoneSimulator.Build.0 = Release|Any CPU
		{C37B0104-86CF-464B-80DF-385E42094EE0}.Debug|Any CPU.ActiveCfg = Debug|Any CPU
		{C37B0104-86CF-464B-80DF-385E42094EE0}.Debug|Any CPU.Build.0 = Debug|Any CPU
		{C37B0104-86CF-464B-80DF-385E42094EE0}.Debug|iPhone.ActiveCfg = Debug|Any CPU
		{C37B0104-86CF-464B-80DF-385E42094EE0}.Debug|iPhone.Build.0 = Debug|Any CPU
		{C37B0104-86CF-464B-80DF-385E42094EE0}.Debug|iPhoneSimulator.ActiveCfg = Debug|Any CPU
		{C37B0104-86CF-464B-80DF-385E42094EE0}.Debug|iPhoneSimulator.Build.0 = Debug|Any CPU
		{C37B0104-86CF-464B-80DF-385E42094EE0}.QA|Android.ActiveCfg = Debug|Any CPU
		{C37B0104-86CF-464B-80DF-385E42094EE0}.QA|Android.Build.0 = Debug|Any CPU
		{C37B0104-86CF-464B-80DF-385E42094EE0}.QA|iPhone.ActiveCfg = Debug|Any CPU
		{C37B0104-86CF-464B-80DF-385E42094EE0}.QA|iPhone.Build.0 = Debug|Any CPU
		{C37B0104-86CF-464B-80DF-385E42094EE0}.Release|Any CPU.ActiveCfg = Release|Any CPU
		{C37B0104-86CF-464B-80DF-385E42094EE0}.Release|Any CPU.Build.0 = Release|Any CPU
		{C37B0104-86CF-464B-80DF-385E42094EE0}.Release|iPhone.ActiveCfg = Release|Any CPU
		{C37B0104-86CF-464B-80DF-385E42094EE0}.Release|iPhone.Build.0 = Release|Any CPU
		{C37B0104-86CF-464B-80DF-385E42094EE0}.Release|iPhoneSimulator.ActiveCfg = Release|Any CPU
		{C37B0104-86CF-464B-80DF-385E42094EE0}.Release|iPhoneSimulator.Build.0 = Release|Any CPU
		{E070A058-4257-4241-9703-0B1A9DA92594}.Debug|Any CPU.ActiveCfg = Debug|Any CPU
		{E070A058-4257-4241-9703-0B1A9DA92594}.Debug|Any CPU.Build.0 = Debug|Any CPU
		{E070A058-4257-4241-9703-0B1A9DA92594}.Debug|iPhone.ActiveCfg = Debug|Any CPU
		{E070A058-4257-4241-9703-0B1A9DA92594}.Debug|iPhone.Build.0 = Debug|Any CPU
		{E070A058-4257-4241-9703-0B1A9DA92594}.Debug|iPhoneSimulator.ActiveCfg = Debug|Any CPU
		{E070A058-4257-4241-9703-0B1A9DA92594}.Debug|iPhoneSimulator.Build.0 = Debug|Any CPU
		{E070A058-4257-4241-9703-0B1A9DA92594}.QA|Android.ActiveCfg = Debug|Any CPU
		{E070A058-4257-4241-9703-0B1A9DA92594}.QA|Android.Build.0 = Debug|Any CPU
		{E070A058-4257-4241-9703-0B1A9DA92594}.QA|iPhone.ActiveCfg = Debug|Any CPU
		{E070A058-4257-4241-9703-0B1A9DA92594}.QA|iPhone.Build.0 = Debug|Any CPU
		{E070A058-4257-4241-9703-0B1A9DA92594}.Release|Any CPU.ActiveCfg = Release|Any CPU
		{E070A058-4257-4241-9703-0B1A9DA92594}.Release|Any CPU.Build.0 = Release|Any CPU
		{E070A058-4257-4241-9703-0B1A9DA92594}.Release|iPhone.ActiveCfg = Release|Any CPU
		{E070A058-4257-4241-9703-0B1A9DA92594}.Release|iPhone.Build.0 = Release|Any CPU
		{E070A058-4257-4241-9703-0B1A9DA92594}.Release|iPhoneSimulator.ActiveCfg = Release|Any CPU
		{E070A058-4257-4241-9703-0B1A9DA92594}.Release|iPhoneSimulator.Build.0 = Release|Any CPU
	EndGlobalSection
	GlobalSection(NestedProjects) = preSolution
		{55B05B5B-6CD0-46E1-BF38-36C9427D2D1A} = {DED8ED44-BA1D-44F0-8071-3155DA58FA09}
		{0807C884-3FA6-4CDC-9C25-896B08041681} = {DED8ED44-BA1D-44F0-8071-3155DA58FA09}
		{6DBC4319-6E6D-42C9-8843-5DE483FB0D5F} = {DED8ED44-BA1D-44F0-8071-3155DA58FA09}
		{553AC928-EDAD-4DE9-B5C5-67C01573F81F} = {DED8ED44-BA1D-44F0-8071-3155DA58FA09}
		{C37B0104-86CF-464B-80DF-385E42094EE0} = {DED8ED44-BA1D-44F0-8071-3155DA58FA09}
		{E070A058-4257-4241-9703-0B1A9DA92594} = {DED8ED44-BA1D-44F0-8071-3155DA58FA09}
		{0A3B28E0-1696-4097-8FE6-4E0450EACA5F} = {DED8ED44-BA1D-44F0-8071-3155DA58FA09}
	EndGlobalSection
EndGlobal
